
Microsoft Visual Studio Solution File, Format Version 12.00
# Visual Studio 2012
Project("{8BC9CEB8-8B4A-11D0-8D11-00A0C91BC942}") = "Bai_Tap_Ke_Thua", "Bai_Tap_Ke_Thua\Bai_Tap_Ke_Thua.vcxproj", "{9F10895A-EBDA-46C6-90E6-D198922E567D}"
EndProject
Global
	GlobalSection(SolutionConfigurationPlatforms) = preSolution
		Debug|Win32 = Debug|Win32
		Release|Win32 = Release|Win32
	EndGlobalSection
	GlobalSection(ProjectConfigurationPlatforms) = postSolution
		{9F10895A-EBDA-46C6-90E6-D198922E567D}.Debug|Win32.ActiveCfg = Debug|Win32
		{9F10895A-EBDA-46C6-90E6-D198922E567D}.Debug|Win32.Build.0 = Debug|Win32
		{9F10895A-EBDA-46C6-90E6-D198922E567D}.Release|Win32.ActiveCfg = Release|Win32
		{9F10895A-EBDA-46C6-90E6-D198922E567D}.Release|Win32.Build.0 = Release|Win32
	EndGlobalSection
	GlobalSection(SolutionProperties) = preSolution
		HideSolutionNode = FALSE
	EndGlobalSection
EndGlobal
